# THIS IS AN AUTOGENERATED FILE. DO NOT EDIT THIS FILE DIRECTLY.
# yarn lockfile v1


foreachasync@^3.0.0:
  version "3.0.0"
  resolved "https://registry.yarnpkg.com/foreachasync/-/foreachasync-3.0.0.tgz#5502987dc8714be3392097f32e0071c9dee07cf6"

walk@^2.3.9:
  version "2.3.9"
  resolved "https://registry.yarnpkg.com/walk/-/walk-2.3.9.tgz#31b4db6678f2ae01c39ea9fb8725a9031e558a7b"
  dependencies:
    foreachasync "^3.0.0"
